
Microsoft Visual Studio Solution File, Format Version 12.00
# Visual Studio Version 16
VisualStudioVersion = 16.0.30503.244
MinimumVisualStudioVersion = 10.0.40219.1
Project("{FAE04EC0-301F-11D3-BF4B-00C04F79EFBC}") = "UdpServer", "UdpServer.csproj", "{9ECBDB07-6149-4018-B387-37807450ECF7}"
EndProject
Global
	GlobalSection(SolutionConfigurationPlatforms) = preSolution
		Debug|Any CPU = Debug|Any CPU
		Release|Any CPU = Release|Any CPU
	EndGlobalSection
	GlobalSection(ProjectConfigurationPlatforms) = postSolution
		{9ECBDB07-6149-4018-B387-37807450ECF7}.Debug|Any CPU.ActiveCfg = Debug|Any CPU
		{9ECBDB07-6149-4018-B387-37807450ECF7}.Debug|Any CPU.Build.0 = Debug|Any CPU
		{9ECBDB07-6149-4018-B387-37807450ECF7}.Release|Any CPU.ActiveCfg = Release|Any CPU
		{9ECBDB07-6149-4018-B387-37807450ECF7}.Release|Any CPU.Build.0 = Release|Any CPU
	EndGlobalSection
	GlobalSection(SolutionProperties) = preSolution
		HideSolutionNode = FALSE
	EndGlobalSection
	GlobalSection(ExtensibilityGlobals) = postSolution
		SolutionGuid = {EF7F7F92-0FFF-443A-8EE9-3ECBA20A3981}
	EndGlobalSection
EndGlobal
